
Microsoft Visual Studio Solution File, Format Version 12.00
# Visual Studio Version 17
VisualStudioVersion = 17.10.35013.160
MinimumVisualStudioVersion = 10.0.40219.1
Project("{FAE04EC0-301F-11D3-BF4B-00C04F79EFBC}") = "New_System.Application", "New_System.Application\New_System.Application.csproj", "{92671C43-BE6E-4CD1-B76E-C04EE9789FDD}"
EndProject
Project("{FAE04EC0-301F-11D3-BF4B-00C04F79EFBC}") = "New_System.Domain", "New_System.Domain\New_System.Domain.csproj", "{29235BEE-488C-432B-9655-D3586D4437BE}"
EndProject
Project("{FAE04EC0-301F-11D3-BF4B-00C04F79EFBC}") = "New_System.Infrastructure", "New_System.Infrastructure\New_System.Infrastructure.csproj", "{52F5018F-AD88-4475-8EAA-DC624FD41281}"
EndProject
Project("{FAE04EC0-301F-11D3-BF4B-00C04F79EFBC}") = "New_System.API", "New_System.API\New_System.API.csproj", "{1F6B428B-BDCB-4FA5-BBEF-ADB346F297F1}"
EndProject
Global
	GlobalSection(SolutionConfigurationPlatforms) = preSolution
		Debug|Any CPU = Debug|Any CPU
		Release|Any CPU = Release|Any CPU
	EndGlobalSection
	GlobalSection(ProjectConfigurationPlatforms) = postSolution
		{92671C43-BE6E-4CD1-B76E-C04EE9789FDD}.Debug|Any CPU.ActiveCfg = Debug|Any CPU
		{92671C43-BE6E-4CD1-B76E-C04EE9789FDD}.Debug|Any CPU.Build.0 = Debug|Any CPU
		{92671C43-BE6E-4CD1-B76E-C04EE9789FDD}.Release|Any CPU.ActiveCfg = Release|Any CPU
		{92671C43-BE6E-4CD1-B76E-C04EE9789FDD}.Release|Any CPU.Build.0 = Release|Any CPU
		{29235BEE-488C-432B-9655-D3586D4437BE}.Debug|Any CPU.ActiveCfg = Debug|Any CPU
		{29235BEE-488C-432B-9655-D3586D4437BE}.Debug|Any CPU.Build.0 = Debug|Any CPU
		{29235BEE-488C-432B-9655-D3586D4437BE}.Release|Any CPU.ActiveCfg = Release|Any CPU
		{29235BEE-488C-432B-9655-D3586D4437BE}.Release|Any CPU.Build.0 = Release|Any CPU
		{52F5018F-AD88-4475-8EAA-DC624FD41281}.Debug|Any CPU.ActiveCfg = Debug|Any CPU
		{52F5018F-AD88-4475-8EAA-DC624FD41281}.Debug|Any CPU.Build.0 = Debug|Any CPU
		{52F5018F-AD88-4475-8EAA-DC624FD41281}.Release|Any CPU.ActiveCfg = Release|Any CPU
		{52F5018F-AD88-4475-8EAA-DC624FD41281}.Release|Any CPU.Build.0 = Release|Any CPU
		{1F6B428B-BDCB-4FA5-BBEF-ADB346F297F1}.Debug|Any CPU.ActiveCfg = Debug|Any CPU
		{1F6B428B-BDCB-4FA5-BBEF-ADB346F297F1}.Debug|Any CPU.Build.0 = Debug|Any CPU
		{1F6B428B-BDCB-4FA5-BBEF-ADB346F297F1}.Release|Any CPU.ActiveCfg = Release|Any CPU
		{1F6B428B-BDCB-4FA5-BBEF-ADB346F297F1}.Release|Any CPU.Build.0 = Release|Any CPU
	EndGlobalSection
	GlobalSection(SolutionProperties) = preSolution
		HideSolutionNode = FALSE
	EndGlobalSection
	GlobalSection(ExtensibilityGlobals) = postSolution
		SolutionGuid = {175DD06E-01A8-4EC4-BBEF-4D967D87DF79}
	EndGlobalSection
EndGlobal
